PODS:
  - KinCoreSDK (0.7.13):
    - Sodium (= 0.7.0)
    - StellarKit (= 0.3.11)
  - KinMigrationModule (0.0.1):
    - KinCoreSDK
    - KinSDK
    - Sodium (= 0.7.0)
  - KinSDK (0.8.0):
    - KinUtil (= 0.0.14)
    - Sodium (= 0.7.0)
  - KinUtil (0.0.14)
  - Sodium (0.7.0)
  - StellarErrors (0.2.7)
  - StellarKit (0.3.11):
    - KinUtil (= 0.0.14)
    - StellarErrors (= 0.2.7)

DEPENDENCIES:
  - KinCoreSDK
  - KinMigrationModule (from `./`)
  - KinSDK (from `../kin-sdk-ios/`)
  - KinUtil (= 0.0.14)
  - Sodium (= 0.7.0)
  - StellarErrors (= 0.2.7)
  - StellarKit (= 0.3.11)

SPEC REPOS:
  https://github.com/cocoapods/specs.git:
    - KinCoreSDK
    - KinUtil
    - Sodium
    - StellarErrors
    - StellarKit

EXTERNAL SOURCES:
  KinMigrationModule:
    :path: "./"
  KinSDK:
    :path: "../kin-sdk-ios/"

SPEC CHECKSUMS:
  KinCoreSDK: b9b6f36fcca663cdca97ff25466f7b70b133bb56
  KinMigrationModule: 60fb2a5c26d98661248496fcd1b1f5c56a51186d
  KinSDK: e8f450cfb6f1778181ecc2d5ecb5b79de91bee45
  KinUtil: ad22d0694a9c8a526740e1d2441c32e24a98928b
  Sodium: c5510cc6f5e1b27858e5f260b5cac80d4a3f9379
  StellarErrors: f9239fad02b05464fbc9845063195a87d28f57d1
  StellarKit: 2844acd019f7b59f2fd29e430e14111b3eb4f9d9

PODFILE CHECKSUM: 50dd5191d6aec16713a2b71922f8fea49e1d3786

COCOAPODS: 1.5.3
