PODS:
  - KinCoreSDK (0.7.12):
    - StellarKit (= 0.3.6)
  - KinSDK (1.0.0):
    - KinUtil
    - Sodium
  - KinUtil (0.0.6)
  - Sodium (0.7.0)
  - StellarErrors (0.2.7)
  - StellarKit (0.3.6):
    - KinUtil (= 0.0.6)
    - StellarErrors (= 0.2.7)

DEPENDENCIES:
  - KinCoreSDK (from `../kin-core-ios/`)
  - KinSDK (from `../kin-sdk-ios/`)
  - Sodium
  - StellarErrors (from `../kin-core-ios/KinSDK/StellarKit/`)
  - StellarKit (from `../kin-core-ios/KinSDK/StellarKit/`)

SPEC REPOS:
  https://github.com/cocoapods/specs.git:
    - KinUtil
    - Sodium

EXTERNAL SOURCES:
  KinCoreSDK:
    :path: "../kin-core-ios/"
  KinSDK:
    :path: "../kin-sdk-ios/"
  StellarErrors:
    :path: "../kin-core-ios/KinSDK/StellarKit/"
  StellarKit:
    :path: "../kin-core-ios/KinSDK/StellarKit/"

SPEC CHECKSUMS:
  KinCoreSDK: 83902f2a548dbe86990317c7af02db456a708fb9
  KinSDK: 510757c185af03947af060155635efa0d1517416
  KinUtil: 1bc7b10d5dec37d268f9c3d18a54b87eba7db2e8
  Sodium: c5510cc6f5e1b27858e5f260b5cac80d4a3f9379
  StellarErrors: 453f761875104c59060dc7f63204cbf17976384e
  StellarKit: 12b8bc00ced841e32b0dfd28ca2cc5666411256b

PODFILE CHECKSUM: b0ee81cdcebc4e6c67f6d0444a5ec2f1a3f95a9a

COCOAPODS: 1.5.3
