// !$*UTF8*$!
{
	archiveVersion = 1;
	classes = {
	};
	objectVersion = 50;
	objects = {

/* Begin PBXBuildFile section */
		2FAC77412C91F973AC3D061D /* Pods_MigrationSampleApp.framework in Frameworks */ = {isa = PBXBuildFile; fileRef = CD0136E0ECA888AFFBF6C053 /* Pods_MigrationSampleApp.framework */; };
		6815F37121BFA2C000B9439A /* AppDelegate.swift in Sources */ = {isa = PBXBuildFile; fileRef = 6815F37021BFA2C000B9439A /* AppDelegate.swift */; };
		6815F37321BFA2C000B9439A /* ViewController.swift in Sources */ = {isa = PBXBuildFile; fileRef = 6815F37221BFA2C000B9439A /* ViewController.swift */; };
		6815F37621BFA2C000B9439A /* Main.storyboard in Resources */ = {isa = PBXBuildFile; fileRef = 6815F37421BFA2C000B9439A /* Main.storyboard */; };
		6815F37821BFA2C000B9439A /* Assets.xcassets in Resources */ = {isa = PBXBuildFile; fileRef = 6815F37721BFA2C000B9439A /* Assets.xcassets */; };
		6815F37B21BFA2C000B9439A /* LaunchScreen.storyboard in Resources */ = {isa = PBXBuildFile; fileRef = 6815F37921BFA2C000B9439A /* LaunchScreen.storyboard */; };
/* End PBXBuildFile section */

/* Begin PBXFileReference section */
		1FA0A79C4F47B37644E83114 /* Pods-MigrationSampleApp.debug.xcconfig */ = {isa = PBXFileReference; includeInIndex = 1; lastKnownFileType = text.xcconfig; name = "Pods-MigrationSampleApp.debug.xcconfig"; path = "../Pods/Target Support Files/Pods-MigrationSampleApp/Pods-MigrationSampleApp.debug.xcconfig"; sourceTree = "<group>"; };
		6815F36D21BFA2C000B9439A /* MigrationSampleApp.app */ = {isa = PBXFileReference; explicitFileType = wrapper.application; includeInIndex = 0; path = MigrationSampleApp.app; sourceTree = BUILT_PRODUCTS_DIR; };
		6815F37021BFA2C000B9439A /* AppDelegate.swift */ = {isa = PBXFileReference; lastKnownFileType = sourcecode.swift; path = AppDelegate.swift; sourceTree = "<group>"; };
		6815F37221BFA2C000B9439A /* ViewController.swift */ = {isa = PBXFileReference; lastKnownFileType = sourcecode.swift; path = ViewController.swift; sourceTree = "<group>"; };
		6815F37521BFA2C000B9439A /* Base */ = {isa = PBXFileReference; lastKnownFileType = file.storyboard; name = Base; path = Base.lproj/Main.storyboard; sourceTree = "<group>"; };
		6815F37721BFA2C000B9439A /* Assets.xcassets */ = {isa = PBXFileReference; lastKnownFileType = folder.assetcatalog; path = Assets.xcassets; sourceTree = "<group>"; };
		6815F37A21BFA2C000B9439A /* Base */ = {isa = PBXFileReference; lastKnownFileType = file.storyboard; name = Base; path = Base.lproj/LaunchScreen.storyboard; sourceTree = "<group>"; };
		6815F37C21BFA2C000B9439A /* Info.plist */ = {isa = PBXFileReference; lastKnownFileType = text.plist.xml; path = Info.plist; sourceTree = "<group>"; };
		A91F8601E75A5547F8DAEFA2 /* Pods-MigrationSampleApp.release.xcconfig */ = {isa = PBXFileReference; includeInIndex = 1; lastKnownFileType = text.xcconfig; name = "Pods-MigrationSampleApp.release.xcconfig"; path = "../Pods/Target Support Files/Pods-MigrationSampleApp/Pods-MigrationSampleApp.release.xcconfig"; sourceTree = "<group>"; };
		CD0136E0ECA888AFFBF6C053 /* Pods_MigrationSampleApp.framework */ = {isa = PBXFileReference; explicitFileType = wrapper.framework; includeInIndex = 0; path = Pods_MigrationSampleApp.framework; sourceTree = BUILT_PRODUCTS_DIR; };
/* End PBXFileReference section */

/* Begin PBXFrameworksBuildPhase section */
		6815F36A21BFA2C000B9439A /* Frameworks */ = {
			isa = PBXFrameworksBuildPhase;
			buildActionMask = 2147483647;
			files = (
				2FAC77412C91F973AC3D061D /* Pods_MigrationSampleApp.framework in Frameworks */,
			);
			runOnlyForDeploymentPostprocessing = 0;
		};
/* End PBXFrameworksBuildPhase section */

/* Begin PBXGroup section */
		21194DC09FA0D65A9F26D8F5 /* Pods */ = {
			isa = PBXGroup;
			children = (
				1FA0A79C4F47B37644E83114 /* Pods-MigrationSampleApp.debug.xcconfig */,
				A91F8601E75A5547F8DAEFA2 /* Pods-MigrationSampleApp.release.xcconfig */,
			);
			name = Pods;
			sourceTree = "<group>";
		};
		6815F36421BFA2C000B9439A = {
			isa = PBXGroup;
			children = (
				6815F36F21BFA2C000B9439A /* MigrationSampleApp */,
				6815F36E21BFA2C000B9439A /* Products */,
				21194DC09FA0D65A9F26D8F5 /* Pods */,
				95A9E7BCDD20487831988CF4 /* Frameworks */,
			);
			sourceTree = "<group>";
		};
		6815F36E21BFA2C000B9439A /* Products */ = {
			isa = PBXGroup;
			children = (
				6815F36D21BFA2C000B9439A /* MigrationSampleApp.app */,
			);
			name = Products;
			sourceTree = "<group>";
		};
		6815F36F21BFA2C000B9439A /* MigrationSampleApp */ = {
			isa = PBXGroup;
			children = (
				6815F37021BFA2C000B9439A /* AppDelegate.swift */,
				6815F37221BFA2C000B9439A /* ViewController.swift */,
				6815F37421BFA2C000B9439A /* Main.storyboard */,
				6815F37721BFA2C000B9439A /* Assets.xcassets */,
				6815F37921BFA2C000B9439A /* LaunchScreen.storyboard */,
				6815F37C21BFA2C000B9439A /* Info.plist */,
			);
			path = MigrationSampleApp;
			sourceTree = "<group>";
		};
		95A9E7BCDD20487831988CF4 /* Frameworks */ = {
			isa = PBXGroup;
			children = (
				CD0136E0ECA888AFFBF6C053 /* Pods_MigrationSampleApp.framework */,
			);
			name = Frameworks;
			sourceTree = "<group>";
		};
/* End PBXGroup section */

/* Begin PBXNativeTarget section */
		6815F36C21BFA2C000B9439A /* MigrationSampleApp */ = {
			isa = PBXNativeTarget;
			buildConfigurationList = 6815F37F21BFA2C000B9439A /* Build configuration list for PBXNativeTarget "MigrationSampleApp" */;
			buildPhases = (
				2BA9426209053E418C06239F /* [CP] Check Pods Manifest.lock */,
				6815F36921BFA2C000B9439A /* Sources */,
				6815F36A21BFA2C000B9439A /* Frameworks */,
				6815F36B21BFA2C000B9439A /* Resources */,
				B6B10D4E9AC19F70718554DC /* [CP] Embed Pods Frameworks */,
			);
			buildRules = (
			);
			dependencies = (
			);
			name = MigrationSampleApp;
			productName = MigrationSampleApp;
			productReference = 6815F36D21BFA2C000B9439A /* MigrationSampleApp.app */;
			productType = "com.apple.product-type.application";
		};
/* End PBXNativeTarget section */

/* Begin PBXProject section */
		6815F36521BFA2C000B9439A /* Project object */ = {
			isa = PBXProject;
			attributes = {
				LastSwiftUpdateCheck = 1010;
				LastUpgradeCheck = 1010;
				ORGANIZATIONNAME = "Kin Foundation";
				TargetAttributes = {
					6815F36C21BFA2C000B9439A = {
						CreatedOnToolsVersion = 10.1;
					};
				};
			};
			buildConfigurationList = 6815F36821BFA2C000B9439A /* Build configuration list for PBXProject "MigrationSampleApp" */;
			compatibilityVersion = "Xcode 9.3";
			developmentRegion = en;
			hasScannedForEncodings = 0;
			knownRegions = (
				en,
				Base,
			);
			mainGroup = 6815F36421BFA2C000B9439A;
			productRefGroup = 6815F36E21BFA2C000B9439A /* Products */;
			projectDirPath = "";
			projectRoot = "";
			targets = (
				6815F36C21BFA2C000B9439A /* MigrationSampleApp */,
			);
		};
/* End PBXProject section */

/* Begin PBXResourcesBuildPhase section */
		6815F36B21BFA2C000B9439A /* Resources */ = {
			isa = PBXResourcesBuildPhase;
			buildActionMask = 2147483647;
			files = (
				6815F37B21BFA2C000B9439A /* LaunchScreen.storyboard in Resources */,
				6815F37821BFA2C000B9439A /* Assets.xcassets in Resources */,
				6815F37621BFA2C000B9439A /* Main.storyboard in Resources */,
			);
			runOnlyForDeploymentPostprocessing = 0;
		};
/* End PBXResourcesBuildPhase section */

/* Begin PBXShellScriptBuildPhase section */
		2BA9426209053E418C06239F /* [CP] Check Pods Manifest.lock */ = {
			isa = PBXShellScriptBuildPhase;
			buildActionMask = 2147483647;
			files = (
			);
			inputFileListPaths = (
			);
			inputPaths = (
				"${PODS_PODFILE_DIR_PATH}/Podfile.lock",
				"${PODS_ROOT}/Manifest.lock",
			);
			name = "[CP] Check Pods Manifest.lock";
			outputFileListPaths = (
			);
			outputPaths = (
				"$(DERIVED_FILE_DIR)/Pods-MigrationSampleApp-checkManifestLockResult.txt",
			);
			runOnlyForDeploymentPostprocessing = 0;
			shellPath = /bin/sh;
			shellScript = "diff \"${PODS_PODFILE_DIR_PATH}/Podfile.lock\" \"${PODS_ROOT}/Manifest.lock\" > /dev/null\nif [ $? != 0 ] ; then\n    # print error to STDERR\n    echo \"error: The sandbox is not in sync with the Podfile.lock. Run 'pod install' or update your CocoaPods installation.\" >&2\n    exit 1\nfi\n# This output is used by Xcode 'outputs' to avoid re-running this script phase.\necho \"SUCCESS\" > \"${SCRIPT_OUTPUT_FILE_0}\"\n";
			showEnvVarsInLog = 0;
		};
		B6B10D4E9AC19F70718554DC /* [CP] Embed Pods Frameworks */ = {
			isa = PBXShellScriptBuildPhase;
			buildActionMask = 2147483647;
			files = (
			);
			inputFileListPaths = (
			);
			inputPaths = (
				"${SRCROOT}/../Pods/Target Support Files/Pods-MigrationSampleApp/Pods-MigrationSampleApp-frameworks.sh",
				"${BUILT_PRODUCTS_DIR}/KinCoreSDK/KinCoreSDK.framework",
				"${BUILT_PRODUCTS_DIR}/KinSDK/KinSDK.framework",
				"${BUILT_PRODUCTS_DIR}/KinUtil/KinUtil.framework",
				"${BUILT_PRODUCTS_DIR}/Sodium/Sodium.framework",
				"${BUILT_PRODUCTS_DIR}/StellarErrors/StellarErrors.framework",
				"${BUILT_PRODUCTS_DIR}/StellarKit/StellarKit.framework",
			);
			name = "[CP] Embed Pods Frameworks";
			outputFileListPaths = (
			);
			outputPaths = (
				"${TARGET_BUILD_DIR}/${FRAMEWORKS_FOLDER_PATH}/KinCoreSDK.framework",
				"${TARGET_BUILD_DIR}/${FRAMEWORKS_FOLDER_PATH}/KinSDK.framework",
				"${TARGET_BUILD_DIR}/${FRAMEWORKS_FOLDER_PATH}/KinUtil.framework",
				"${TARGET_BUILD_DIR}/${FRAMEWORKS_FOLDER_PATH}/Sodium.framework",
				"${TARGET_BUILD_DIR}/${FRAMEWORKS_FOLDER_PATH}/StellarErrors.framework",
				"${TARGET_BUILD_DIR}/${FRAMEWORKS_FOLDER_PATH}/StellarKit.framework",
			);
			runOnlyForDeploymentPostprocessing = 0;
			shellPath = /bin/sh;
			shellScript = "\"${SRCROOT}/../Pods/Target Support Files/Pods-MigrationSampleApp/Pods-MigrationSampleApp-frameworks.sh\"\n";
			showEnvVarsInLog = 0;
		};
/* End PBXShellScriptBuildPhase section */

/* Begin PBXSourcesBuildPhase section */
		6815F36921BFA2C000B9439A /* Sources */ = {
			isa = PBXSourcesBuildPhase;
			buildActionMask = 2147483647;
			files = (
				6815F37321BFA2C000B9439A /* ViewController.swift in Sources */,
				6815F37121BFA2C000B9439A /* AppDelegate.swift in Sources */,
			);
			runOnlyForDeploymentPostprocessing = 0;
		};
/* End PBXSourcesBuildPhase section */

/* Begin PBXVariantGroup section */
		6815F37421BFA2C000B9439A /* Main.storyboard */ = {
			isa = PBXVariantGroup;
			children = (
				6815F37521BFA2C000B9439A /* Base */,
			);
			name = Main.storyboard;
			sourceTree = "<group>";
		};
		6815F37921BFA2C000B9439A /* LaunchScreen.storyboard */ = {
			isa = PBXVariantGroup;
			children = (
				6815F37A21BFA2C000B9439A /* Base */,
			);
			name = LaunchScreen.storyboard;
			sourceTree = "<group>";
		};
/* End PBXVariantGroup section */

/* Begin XCBuildConfiguration section */
		6815F37D21BFA2C000B9439A /* Debug */ = {
			isa = XCBuildConfiguration;
			buildSettings = {
				ALWAYS_SEARCH_USER_PATHS = NO;
				CLANG_ANALYZER_NONNULL = YES;
				CLANG_ANALYZER_NUMBER_OBJECT_CONVERSION = YES_AGGRESSIVE;
				CLANG_CXX_LANGUAGE_STANDARD = "gnu++14";
				CLANG_CXX_LIBRARY = "libc++";
				CLANG_ENABLE_MODULES = YES;
				CLANG_ENABLE_OBJC_ARC = YES;
				CLANG_ENABLE_OBJC_WEAK = YES;
				CLANG_WARN_BLOCK_CAPTURE_AUTORELEASING = YES;
				CLANG_WARN_BOOL_CONVERSION = YES;
				CLANG_WARN_COMMA = YES;
				CLANG_WARN_CONSTANT_CONVERSION = YES;
				CLANG_WARN_DEPRECATED_OBJC_IMPLEMENTATIONS = YES;
				CLANG_WARN_DIRECT_OBJC_ISA_USAGE = YES_ERROR;
				CLANG_WARN_DOCUMENTATION_COMMENTS = YES;
				CLANG_WARN_EMPTY_BODY = YES;
				CLANG_WARN_ENUM_CONVERSION = YES;
				CLANG_WARN_INFINITE_RECURSION = YES;
				CLANG_WARN_INT_CONVERSION = YES;
				CLANG_WARN_NON_LITERAL_NULL_CONVERSION = YES;
				CLANG_WARN_OBJC_IMPLICIT_RETAIN_SELF = YES;
				CLANG_WARN_OBJC_LITERAL_CONVERSION = YES;
				CLANG_WARN_OBJC_ROOT_CLASS = YES_ERROR;
				CLANG_WARN_RANGE_LOOP_ANALYSIS = YES;
				CLANG_WARN_STRICT_PROTOTYPES = YES;
				CLANG_WARN_SUSPICIOUS_MOVE = YES;
				CLANG_WARN_UNGUARDED_AVAILABILITY = YES_AGGRESSIVE;
				CLANG_WARN_UNREACHABLE_CODE = YES;
				CLANG_WARN__DUPLICATE_METHOD_MATCH = YES;
				CODE_SIGN_IDENTITY = "iPhone Developer";
				COPY_PHASE_STRIP = NO;
				DEBUG_INFORMATION_FORMAT = dwarf;
				ENABLE_STRICT_OBJC_MSGSEND = YES;
				ENABLE_TESTABILITY = YES;
				GCC_C_LANGUAGE_STANDARD = gnu11;
				GCC_DYNAMIC_NO_PIC = NO;
				GCC_NO_COMMON_BLOCKS = YES;
				GCC_OPTIMIZATION_LEVEL = 0;
				GCC_PREPROCESSOR_DEFINITIONS = (
					"DEBUG=1",
					"$(inherited)",
				);
				GCC_WARN_64_TO_32_BIT_CONVERSION = YES;
				GCC_WARN_ABOUT_RETURN_TYPE = YES_ERROR;
				GCC_WARN_UNDECLARED_SELECTOR = YES;
				GCC_WARN_UNINITIALIZED_AUTOS = YES_AGGRESSIVE;
				GCC_WARN_UNUSED_FUNCTION = YES;
				GCC_WARN_UNUSED_VARIABLE = YES;
				IPHONEOS_DEPLOYMENT_TARGET = 12.1;
				MTL_ENABLE_DEBUG_INFO = INCLUDE_SOURCE;
				MTL_FAST_MATH = YES;
				ONLY_ACTIVE_ARCH = YES;
				SDKROOT = iphoneos;
				SWIFT_ACTIVE_COMPILATION_CONDITIONS = DEBUG;
				SWIFT_OPTIMIZATION_LEVEL = "-Onone";
			};
			name = Debug;
		};
		6815F37E21BFA2C000B9439A /* Release */ = {
			isa = XCBuildConfiguration;
			buildSettings = {
				ALWAYS_SEARCH_USER_PATHS = NO;
				CLANG_ANALYZER_NONNULL = YES;
				CLANG_ANALYZER_NUMBER_OBJECT_CONVERSION = YES_AGGRESSIVE;
				CLANG_CXX_LANGUAGE_STANDARD = "gnu++14";
				CLANG_CXX_LIBRARY = "libc++";
				CLANG_ENABLE_MODULES = YES;
				CLANG_ENABLE_OBJC_ARC = YES;
				CLANG_ENABLE_OBJC_WEAK = YES;
				CLANG_WARN_BLOCK_CAPTURE_AUTORELEASING = YES;
				CLANG_WARN_BOOL_CONVERSION = YES;
				CLANG_WARN_COMMA = YES;
				CLANG_WARN_CONSTANT_CONVERSION = YES;
				CLANG_WARN_DEPRECATED_OBJC_IMPLEMENTATIONS = YES;
				CLANG_WARN_DIRECT_OBJC_ISA_USAGE = YES_ERROR;
				CLANG_WARN_DOCUMENTATION_COMMENTS = YES;
				CLANG_WARN_EMPTY_BODY = YES;
				CLANG_WARN_ENUM_CONVERSION = YES;
				CLANG_WARN_INFINITE_RECURSION = YES;
				CLANG_WARN_INT_CONVERSION = YES;
				CLANG_WARN_NON_LITERAL_NULL_CONVERSION = YES;
				CLANG_WARN_OBJC_IMPLICIT_RETAIN_SELF = YES;
				CLANG_WARN_OBJC_LITERAL_CONVERSION = YES;
				CLANG_WARN_OBJC_ROOT_CLASS = YES_ERROR;
				CLANG_WARN_RANGE_LOOP_ANALYSIS = YES;
				CLANG_WARN_STRICT_PROTOTYPES = YES;
				CLANG_WARN_SUSPICIOUS_MOVE = YES;
				CLANG_WARN_UNGUARDED_AVAILABILITY = YES_AGGRESSIVE;
				CLANG_WARN_UNREACHABLE_CODE = YES;
				CLANG_WARN__DUPLICATE_METHOD_MATCH = YES;
				CODE_SIGN_IDENTITY = "iPhone Developer";
				COPY_PHASE_STRIP = NO;
				DEBUG_INFORMATION_FORMAT = "dwarf-with-dsym";
				ENABLE_NS_ASSERTIONS = NO;
				ENABLE_STRICT_OBJC_MSGSEND = YES;
				GCC_C_LANGUAGE_STANDARD = gnu11;
				GCC_NO_COMMON_BLOCKS = YES;
				GCC_WARN_64_TO_32_BIT_CONVERSION = YES;
				GCC_WARN_ABOUT_RETURN_TYPE = YES_ERROR;
				GCC_WARN_UNDECLARED_SELECTOR = YES;
				GCC_WARN_UNINITIALIZED_AUTOS = YES_AGGRESSIVE;
				GCC_WARN_UNUSED_FUNCTION = YES;
				GCC_WARN_UNUSED_VARIABLE = YES;
				IPHONEOS_DEPLOYMENT_TARGET = 12.1;
				MTL_ENABLE_DEBUG_INFO = NO;
				MTL_FAST_MATH = YES;
				SDKROOT = iphoneos;
				SWIFT_COMPILATION_MODE = wholemodule;
				SWIFT_OPTIMIZATION_LEVEL = "-O";
				VALIDATE_PRODUCT = YES;
			};
			name = Release;
		};
		6815F38021BFA2C000B9439A /* Debug */ = {
			isa = XCBuildConfiguration;
			baseConfigurationReference = 1FA0A79C4F47B37644E83114 /* Pods-MigrationSampleApp.debug.xcconfig */;
			buildSettings = {
				ASSETCATALOG_COMPILER_APPICON_NAME = AppIcon;
				CODE_SIGN_STYLE = Automatic;
				INFOPLIST_FILE = MigrationSampleApp/Info.plist;
				LD_RUNPATH_SEARCH_PATHS = (
					"$(inherited)",
					"@executable_path/Frameworks",
				);
				PRODUCT_BUNDLE_IDENTIFIER = com.kinfoundation.MigrationSampleApp;
				PRODUCT_NAME = "$(TARGET_NAME)";
				SWIFT_VERSION = 4.2;
				TARGETED_DEVICE_FAMILY = "1,2";
			};
			name = Debug;
		};
		6815F38121BFA2C000B9439A /* Release */ = {
			isa = XCBuildConfiguration;
			baseConfigurationReference = A91F8601E75A5547F8DAEFA2 /* Pods-MigrationSampleApp.release.xcconfig */;
			buildSettings = {
				ASSETCATALOG_COMPILER_APPICON_NAME = AppIcon;
				CODE_SIGN_STYLE = Automatic;
				INFOPLIST_FILE = MigrationSampleApp/Info.plist;
				LD_RUNPATH_SEARCH_PATHS = (
					"$(inherited)",
					"@executable_path/Frameworks",
				);
				PRODUCT_BUNDLE_IDENTIFIER = com.kinfoundation.MigrationSampleApp;
				PRODUCT_NAME = "$(TARGET_NAME)";
				SWIFT_VERSION = 4.2;
				TARGETED_DEVICE_FAMILY = "1,2";
			};
			name = Release;
		};
/* End XCBuildConfiguration section */

/* Begin XCConfigurationList section */
		6815F36821BFA2C000B9439A /* Build configuration list for PBXProject "MigrationSampleApp" */ = {
			isa = XCConfigurationList;
			buildConfigurations = (
				6815F37D21BFA2C000B9439A /* Debug */,
				6815F37E21BFA2C000B9439A /* Release */,
			);
			defaultConfigurationIsVisible = 0;
			defaultConfigurationName = Release;
		};
		6815F37F21BFA2C000B9439A /* Build configuration list for PBXNativeTarget "MigrationSampleApp" */ = {
			isa = XCConfigurationList;
			buildConfigurations = (
				6815F38021BFA2C000B9439A /* Debug */,
				6815F38121BFA2C000B9439A /* Release */,
			);
			defaultConfigurationIsVisible = 0;
			defaultConfigurationName = Release;
		};
/* End XCConfigurationList section */
	};
	rootObject = 6815F36521BFA2C000B9439A /* Project object */;
}
